
Microsoft Visual Studio Solution File, Format Version 12.00
# Visual Studio Version 17
VisualStudioVersion = 17.3.32929.385
MinimumVisualStudioVersion = 10.0.40219.1
Project("{9A19103F-16F7-4668-BE54-9A1E7A4F7556}") = "HumWebAPI3", "HumWebAPI3.csproj", "{D93D1C1C-736B-48EE-AE79-0E88B93DB1E7}"
EndProject
Global
	GlobalSection(SolutionConfigurationPlatforms) = preSolution
		Debug|Any CPU = Debug|Any CPU
		Release|Any CPU = Release|Any CPU
	EndGlobalSection
	GlobalSection(ProjectConfigurationPlatforms) = postSolution
		{D93D1C1C-736B-48EE-AE79-0E88B93DB1E7}.Debug|Any CPU.ActiveCfg = Release|Any CPU
		{D93D1C1C-736B-48EE-AE79-0E88B93DB1E7}.Debug|Any CPU.Build.0 = Release|Any CPU
		{D93D1C1C-736B-48EE-AE79-0E88B93DB1E7}.Release|Any CPU.ActiveCfg = Debug|Any CPU
		{D93D1C1C-736B-48EE-AE79-0E88B93DB1E7}.Release|Any CPU.Build.0 = Debug|Any CPU
	EndGlobalSection
	GlobalSection(SolutionProperties) = preSolution
		HideSolutionNode = FALSE
	EndGlobalSection
	GlobalSection(ExtensibilityGlobals) = postSolution
		SolutionGuid = {E40E0931-946A-47FF-8393-1A16D58BF4F0}
	EndGlobalSection
EndGlobal
